
Microsoft Visual Studio Solution File, Format Version 12.00
# Visual Studio Version 17
VisualStudioVersion = 17.7.34202.233
MinimumVisualStudioVersion = 10.0.40219.1
Project("{FAE04EC0-301F-11D3-BF4B-00C04F79EFBC}") = "Ejemplo1", "Ejemplo1.csproj", "{388DB271-FE65-4463-B668-5AEA78BC90A9}"
EndProject
Global
	GlobalSection(SolutionConfigurationPlatforms) = preSolution
		Debug|Any CPU = Debug|Any CPU
		Release|Any CPU = Release|Any CPU
	EndGlobalSection
	GlobalSection(ProjectConfigurationPlatforms) = postSolution
		{388DB271-FE65-4463-B668-5AEA78BC90A9}.Debug|Any CPU.ActiveCfg = Debug|Any CPU
		{388DB271-FE65-4463-B668-5AEA78BC90A9}.Debug|Any CPU.Build.0 = Debug|Any CPU
		{388DB271-FE65-4463-B668-5AEA78BC90A9}.Release|Any CPU.ActiveCfg = Release|Any CPU
		{388DB271-FE65-4463-B668-5AEA78BC90A9}.Release|Any CPU.Build.0 = Release|Any CPU
	EndGlobalSection
	GlobalSection(SolutionProperties) = preSolution
		HideSolutionNode = FALSE
	EndGlobalSection
	GlobalSection(ExtensibilityGlobals) = postSolution
		SolutionGuid = {C0492A0C-D394-403C-825C-0F11061CE5D3}
	EndGlobalSection
EndGlobal
