
Microsoft Visual Studio Solution File, Format Version 12.00
# Visual Studio Version 17
VisualStudioVersion = 17.7.34031.279
MinimumVisualStudioVersion = 10.0.40219.1
Project("{FAE04EC0-301F-11D3-BF4B-00C04F79EFBC}") = "Forms2", "Forms2.csproj", "{A647E9C5-B089-4D4B-BE74-321C2D9ED42D}"
EndProject
Global
	GlobalSection(SolutionConfigurationPlatforms) = preSolution
		Debug|Any CPU = Debug|Any CPU
		Release|Any CPU = Release|Any CPU
	EndGlobalSection
	GlobalSection(ProjectConfigurationPlatforms) = postSolution
		{A647E9C5-B089-4D4B-BE74-321C2D9ED42D}.Debug|Any CPU.ActiveCfg = Debug|Any CPU
		{A647E9C5-B089-4D4B-BE74-321C2D9ED42D}.Debug|Any CPU.Build.0 = Debug|Any CPU
		{A647E9C5-B089-4D4B-BE74-321C2D9ED42D}.Release|Any CPU.ActiveCfg = Release|Any CPU
		{A647E9C5-B089-4D4B-BE74-321C2D9ED42D}.Release|Any CPU.Build.0 = Release|Any CPU
	EndGlobalSection
	GlobalSection(SolutionProperties) = preSolution
		HideSolutionNode = FALSE
	EndGlobalSection
	GlobalSection(ExtensibilityGlobals) = postSolution
		SolutionGuid = {40F6425D-4071-418E-BF3D-C1A3C2E4799A}
	EndGlobalSection
EndGlobal
