
Microsoft Visual Studio Solution File, Format Version 12.00
# Visual Studio Version 17
VisualStudioVersion = 17.7.34221.43
MinimumVisualStudioVersion = 10.0.40219.1
Project("{FAE04EC0-301F-11D3-BF4B-00C04F79EFBC}") = "SQLite", "SQLite.csproj", "{4C76A405-E45D-4F7A-AA42-A6F506C3B3E6}"
EndProject
Global
	GlobalSection(SolutionConfigurationPlatforms) = preSolution
		Debug|Any CPU = Debug|Any CPU
		Release|Any CPU = Release|Any CPU
	EndGlobalSection
	GlobalSection(ProjectConfigurationPlatforms) = postSolution
		{4C76A405-E45D-4F7A-AA42-A6F506C3B3E6}.Debug|Any CPU.ActiveCfg = Debug|Any CPU
		{4C76A405-E45D-4F7A-AA42-A6F506C3B3E6}.Debug|Any CPU.Build.0 = Debug|Any CPU
		{4C76A405-E45D-4F7A-AA42-A6F506C3B3E6}.Release|Any CPU.ActiveCfg = Release|Any CPU
		{4C76A405-E45D-4F7A-AA42-A6F506C3B3E6}.Release|Any CPU.Build.0 = Release|Any CPU
	EndGlobalSection
	GlobalSection(SolutionProperties) = preSolution
		HideSolutionNode = FALSE
	EndGlobalSection
	GlobalSection(ExtensibilityGlobals) = postSolution
		SolutionGuid = {36C3BFFF-C2D4-4011-8435-E3C81460EF5D}
	EndGlobalSection
EndGlobal
