
Microsoft Visual Studio Solution File, Format Version 12.00
# Visual Studio Version 17
VisualStudioVersion = 17.8.34330.188
MinimumVisualStudioVersion = 10.0.40219.1
Project("{FAE04EC0-301F-11D3-BF4B-00C04F79EFBC}") = "Proyecto0.1", "Proyecto0.1.csproj", "{039E1A4F-A5BA-4CE8-B7D6-AD14DCF4F0EA}"
EndProject
Global
	GlobalSection(SolutionConfigurationPlatforms) = preSolution
		Debug|Any CPU = Debug|Any CPU
		Release|Any CPU = Release|Any CPU
	EndGlobalSection
	GlobalSection(ProjectConfigurationPlatforms) = postSolution
		{039E1A4F-A5BA-4CE8-B7D6-AD14DCF4F0EA}.Debug|Any CPU.ActiveCfg = Debug|Any CPU
		{039E1A4F-A5BA-4CE8-B7D6-AD14DCF4F0EA}.Debug|Any CPU.Build.0 = Debug|Any CPU
		{039E1A4F-A5BA-4CE8-B7D6-AD14DCF4F0EA}.Debug|Any CPU.Deploy.0 = Debug|Any CPU
		{039E1A4F-A5BA-4CE8-B7D6-AD14DCF4F0EA}.Release|Any CPU.ActiveCfg = Release|Any CPU
		{039E1A4F-A5BA-4CE8-B7D6-AD14DCF4F0EA}.Release|Any CPU.Build.0 = Release|Any CPU
		{039E1A4F-A5BA-4CE8-B7D6-AD14DCF4F0EA}.Release|Any CPU.Deploy.0 = Release|Any CPU
	EndGlobalSection
	GlobalSection(SolutionProperties) = preSolution
		HideSolutionNode = FALSE
	EndGlobalSection
	GlobalSection(ExtensibilityGlobals) = postSolution
		SolutionGuid = {CEA9AC57-E961-44F6-8F63-0F7DA41A4D3A}
	EndGlobalSection
EndGlobal
