
Microsoft Visual Studio Solution File, Format Version 12.00
# Visual Studio Version 17
VisualStudioVersion = 17.7.34221.43
MinimumVisualStudioVersion = 10.0.40219.1
Project("{FAE04EC0-301F-11D3-BF4B-00C04F79EFBC}") = "PrimeraBD", "PrimeraBD.csproj", "{D52D7F08-66A0-4D6C-89B7-90D0BBC57DCE}"
EndProject
Global
	GlobalSection(SolutionConfigurationPlatforms) = preSolution
		Debug|Any CPU = Debug|Any CPU
		Release|Any CPU = Release|Any CPU
	EndGlobalSection
	GlobalSection(ProjectConfigurationPlatforms) = postSolution
		{D52D7F08-66A0-4D6C-89B7-90D0BBC57DCE}.Debug|Any CPU.ActiveCfg = Debug|Any CPU
		{D52D7F08-66A0-4D6C-89B7-90D0BBC57DCE}.Debug|Any CPU.Build.0 = Debug|Any CPU
		{D52D7F08-66A0-4D6C-89B7-90D0BBC57DCE}.Release|Any CPU.ActiveCfg = Release|Any CPU
		{D52D7F08-66A0-4D6C-89B7-90D0BBC57DCE}.Release|Any CPU.Build.0 = Release|Any CPU
	EndGlobalSection
	GlobalSection(SolutionProperties) = preSolution
		HideSolutionNode = FALSE
	EndGlobalSection
	GlobalSection(ExtensibilityGlobals) = postSolution
		SolutionGuid = {A4730DF6-5B23-4B35-8D28-488F56FD1CCD}
	EndGlobalSection
EndGlobal
