
Microsoft Visual Studio Solution File, Format Version 12.00
# Visual Studio Version 17
VisualStudioVersion = 17.7.34221.43
MinimumVisualStudioVersion = 10.0.40219.1
Project("{FAE04EC0-301F-11D3-BF4B-00C04F79EFBC}") = "ExamenTema2A", "ExamenTema2A.csproj", "{3141F084-55FB-4D52-8A4A-F514A4CFF298}"
EndProject
Global
	GlobalSection(SolutionConfigurationPlatforms) = preSolution
		Debug|Any CPU = Debug|Any CPU
		Release|Any CPU = Release|Any CPU
	EndGlobalSection
	GlobalSection(ProjectConfigurationPlatforms) = postSolution
		{3141F084-55FB-4D52-8A4A-F514A4CFF298}.Debug|Any CPU.ActiveCfg = Debug|Any CPU
		{3141F084-55FB-4D52-8A4A-F514A4CFF298}.Debug|Any CPU.Build.0 = Debug|Any CPU
		{3141F084-55FB-4D52-8A4A-F514A4CFF298}.Release|Any CPU.ActiveCfg = Release|Any CPU
		{3141F084-55FB-4D52-8A4A-F514A4CFF298}.Release|Any CPU.Build.0 = Release|Any CPU
	EndGlobalSection
	GlobalSection(SolutionProperties) = preSolution
		HideSolutionNode = FALSE
	EndGlobalSection
	GlobalSection(ExtensibilityGlobals) = postSolution
		SolutionGuid = {25D598B5-C261-4689-BF9C-22AA0C09744D}
	EndGlobalSection
EndGlobal
