
Microsoft Visual Studio Solution File, Format Version 12.00
# Visual Studio Version 17
VisualStudioVersion = 17.7.34221.43
MinimumVisualStudioVersion = 10.0.40219.1
Project("{FAE04EC0-301F-11D3-BF4B-00C04F79EFBC}") = "AppMDI", "AppMDI.csproj", "{72A800C8-28AC-492B-81A5-BE3E1AFD6028}"
EndProject
Global
	GlobalSection(SolutionConfigurationPlatforms) = preSolution
		Debug|Any CPU = Debug|Any CPU
		Release|Any CPU = Release|Any CPU
	EndGlobalSection
	GlobalSection(ProjectConfigurationPlatforms) = postSolution
		{72A800C8-28AC-492B-81A5-BE3E1AFD6028}.Debug|Any CPU.ActiveCfg = Debug|Any CPU
		{72A800C8-28AC-492B-81A5-BE3E1AFD6028}.Debug|Any CPU.Build.0 = Debug|Any CPU
		{72A800C8-28AC-492B-81A5-BE3E1AFD6028}.Release|Any CPU.ActiveCfg = Release|Any CPU
		{72A800C8-28AC-492B-81A5-BE3E1AFD6028}.Release|Any CPU.Build.0 = Release|Any CPU
	EndGlobalSection
	GlobalSection(SolutionProperties) = preSolution
		HideSolutionNode = FALSE
	EndGlobalSection
	GlobalSection(ExtensibilityGlobals) = postSolution
		SolutionGuid = {6C27BF96-BC35-4624-BA56-33259C400247}
	EndGlobalSection
EndGlobal
